
Microsoft Visual Studio Solution File, Format Version 12.00
# Visual Studio 2012
Project("{FAE04EC0-301F-11D3-BF4B-00C04F79EFBC}") = "SimpleOrmBase_Demo", "SimpleOrmBase_Demo\SimpleOrmBase_Demo.csproj", "{333469A2-AF53-4AF6-BF4A-3D17A450BE09}"
EndProject
Global
	GlobalSection(SolutionConfigurationPlatforms) = preSolution
		Debug|Any CPU = Debug|Any CPU
		Release|Any CPU = Release|Any CPU
	EndGlobalSection
	GlobalSection(ProjectConfigurationPlatforms) = postSolution
		{333469A2-AF53-4AF6-BF4A-3D17A450BE09}.Debug|Any CPU.ActiveCfg = Debug|Any CPU
		{333469A2-AF53-4AF6-BF4A-3D17A450BE09}.Debug|Any CPU.Build.0 = Debug|Any CPU
		{333469A2-AF53-4AF6-BF4A-3D17A450BE09}.Release|Any CPU.ActiveCfg = Release|Any CPU
		{333469A2-AF53-4AF6-BF4A-3D17A450BE09}.Release|Any CPU.Build.0 = Release|Any CPU
	EndGlobalSection
	GlobalSection(SolutionProperties) = preSolution
		HideSolutionNode = FALSE
	EndGlobalSection
EndGlobal
