
Microsoft Visual Studio Solution File, Format Version 12.00
# Visual Studio 15
VisualStudioVersion = 15.0.27004.2010
MinimumVisualStudioVersion = 10.0.40219.1
Project("{9A19103F-16F7-4668-BE54-9A1E7A4F7556}") = "CYQ.Data_NetCore", "CYQ.Data_NetCore.csproj", "{02E8B323-ADE2-4CB7-A47F-DDA05016B3F8}"
EndProject
Project("{FAE04EC0-301F-11D3-BF4B-00C04F79EFBC}") = "CYQ.Data.Test.NetCore", "单元测试\CYQ.Data.Test.NetCore\CYQ.Data.Test.NetCore.csproj", "{F4039E83-9428-40A6-AAE6-F8DAB3A361DD}"
EndProject
Global
	GlobalSection(SolutionConfigurationPlatforms) = preSolution
		Debug|Any CPU = Debug|Any CPU
		Release|Any CPU = Release|Any CPU
	EndGlobalSection
	GlobalSection(ProjectConfigurationPlatforms) = postSolution
		{02E8B323-ADE2-4CB7-A47F-DDA05016B3F8}.Debug|Any CPU.ActiveCfg = Debug|Any CPU
		{02E8B323-ADE2-4CB7-A47F-DDA05016B3F8}.Debug|Any CPU.Build.0 = Debug|Any CPU
		{02E8B323-ADE2-4CB7-A47F-DDA05016B3F8}.Release|Any CPU.ActiveCfg = Release|Any CPU
		{02E8B323-ADE2-4CB7-A47F-DDA05016B3F8}.Release|Any CPU.Build.0 = Release|Any CPU
		{F4039E83-9428-40A6-AAE6-F8DAB3A361DD}.Debug|Any CPU.ActiveCfg = Debug|Any CPU
		{F4039E83-9428-40A6-AAE6-F8DAB3A361DD}.Debug|Any CPU.Build.0 = Debug|Any CPU
		{F4039E83-9428-40A6-AAE6-F8DAB3A361DD}.Release|Any CPU.ActiveCfg = Release|Any CPU
		{F4039E83-9428-40A6-AAE6-F8DAB3A361DD}.Release|Any CPU.Build.0 = Release|Any CPU
	EndGlobalSection
	GlobalSection(SolutionProperties) = preSolution
		HideSolutionNode = FALSE
	EndGlobalSection
	GlobalSection(ExtensibilityGlobals) = postSolution
		SolutionGuid = {4D00F703-E8FD-46C6-8A80-3A17FA6243D8}
	EndGlobalSection
EndGlobal
