
Microsoft Visual Studio Solution File, Format Version 12.00
# Visual Studio 2012
Project("{FAE04EC0-301F-11D3-BF4B-00C04F79EFBC}") = "AppDebug_Demo", "AppDebug_Demo\AppDebug_Demo.csproj", "{FE5D7E38-9B16-4A0B-904B-1D954738BE12}"
EndProject
Global
	GlobalSection(SolutionConfigurationPlatforms) = preSolution
		Debug|Any CPU = Debug|Any CPU
		Release|Any CPU = Release|Any CPU
	EndGlobalSection
	GlobalSection(ProjectConfigurationPlatforms) = postSolution
		{FE5D7E38-9B16-4A0B-904B-1D954738BE12}.Debug|Any CPU.ActiveCfg = Debug|Any CPU
		{FE5D7E38-9B16-4A0B-904B-1D954738BE12}.Debug|Any CPU.Build.0 = Debug|Any CPU
		{FE5D7E38-9B16-4A0B-904B-1D954738BE12}.Release|Any CPU.ActiveCfg = Release|Any CPU
		{FE5D7E38-9B16-4A0B-904B-1D954738BE12}.Release|Any CPU.Build.0 = Release|Any CPU
	EndGlobalSection
	GlobalSection(SolutionProperties) = preSolution
		HideSolutionNode = FALSE
	EndGlobalSection
EndGlobal
