
Microsoft Visual Studio Solution File, Format Version 12.00
# Visual Studio 2012
Project("{FAE04EC0-301F-11D3-BF4B-00C04F79EFBC}") = "CYQ.Data.ProjectTool", "CYQ.Data.ProjectTool\CYQ.Data.ProjectTool.csproj", "{951F3D09-9031-42C1-A4BA-E77F81A0E5BF}"
EndProject
Project("{FAE04EC0-301F-11D3-BF4B-00C04F79EFBC}") = "CYQ.Data", "..\..\..\src\CYQ.Data.csproj", "{BD5CCC87-278F-4FEB-AD23-157FCBA9FFA1}"
EndProject
Global
	GlobalSection(SolutionConfigurationPlatforms) = preSolution
		Debug|Any CPU = Debug|Any CPU
		Release|Any CPU = Release|Any CPU
	EndGlobalSection
	GlobalSection(ProjectConfigurationPlatforms) = postSolution
		{951F3D09-9031-42C1-A4BA-E77F81A0E5BF}.Debug|Any CPU.ActiveCfg = Debug|Any CPU
		{951F3D09-9031-42C1-A4BA-E77F81A0E5BF}.Debug|Any CPU.Build.0 = Debug|Any CPU
		{951F3D09-9031-42C1-A4BA-E77F81A0E5BF}.Release|Any CPU.ActiveCfg = Release|Any CPU
		{951F3D09-9031-42C1-A4BA-E77F81A0E5BF}.Release|Any CPU.Build.0 = Release|Any CPU
		{BD5CCC87-278F-4FEB-AD23-157FCBA9FFA1}.Debug|Any CPU.ActiveCfg = Debug|Any CPU
		{BD5CCC87-278F-4FEB-AD23-157FCBA9FFA1}.Debug|Any CPU.Build.0 = Debug|Any CPU
		{BD5CCC87-278F-4FEB-AD23-157FCBA9FFA1}.Release|Any CPU.ActiveCfg = Release|Any CPU
		{BD5CCC87-278F-4FEB-AD23-157FCBA9FFA1}.Release|Any CPU.Build.0 = Release|Any CPU
	EndGlobalSection
	GlobalSection(SolutionProperties) = preSolution
		HideSolutionNode = FALSE
	EndGlobalSection
EndGlobal
