
Microsoft Visual Studio Solution File, Format Version 12.00
# Visual Studio 2012
Project("{FAE04EC0-301F-11D3-BF4B-00C04F79EFBC}") = "MDataColumn_Demo", "MDataColumn_Demo\MDataColumn_Demo.csproj", "{BFF6C781-BF55-4CF6-98C7-3A8231DD4921}"
EndProject
Global
	GlobalSection(SolutionConfigurationPlatforms) = preSolution
		Debug|Any CPU = Debug|Any CPU
		Release|Any CPU = Release|Any CPU
	EndGlobalSection
	GlobalSection(ProjectConfigurationPlatforms) = postSolution
		{BFF6C781-BF55-4CF6-98C7-3A8231DD4921}.Debug|Any CPU.ActiveCfg = Debug|Any CPU
		{BFF6C781-BF55-4CF6-98C7-3A8231DD4921}.Debug|Any CPU.Build.0 = Debug|Any CPU
		{BFF6C781-BF55-4CF6-98C7-3A8231DD4921}.Release|Any CPU.ActiveCfg = Release|Any CPU
		{BFF6C781-BF55-4CF6-98C7-3A8231DD4921}.Release|Any CPU.Build.0 = Release|Any CPU
	EndGlobalSection
	GlobalSection(SolutionProperties) = preSolution
		HideSolutionNode = FALSE
	EndGlobalSection
EndGlobal
