
Microsoft Visual Studio Solution File, Format Version 12.00
# Visual Studio 2012
Project("{FAE04EC0-301F-11D3-BF4B-00C04F79EFBC}") = "Log-SysLog_Demo", "Log-SysLog_Demo\Log-SysLog_Demo.csproj", "{FE8AFE31-1B4C-4D56-8A31-8788B373F337}"
EndProject
Global
	GlobalSection(SolutionConfigurationPlatforms) = preSolution
		Debug|Any CPU = Debug|Any CPU
		Release|Any CPU = Release|Any CPU
	EndGlobalSection
	GlobalSection(ProjectConfigurationPlatforms) = postSolution
		{FE8AFE31-1B4C-4D56-8A31-8788B373F337}.Debug|Any CPU.ActiveCfg = Debug|Any CPU
		{FE8AFE31-1B4C-4D56-8A31-8788B373F337}.Debug|Any CPU.Build.0 = Debug|Any CPU
		{FE8AFE31-1B4C-4D56-8A31-8788B373F337}.Release|Any CPU.ActiveCfg = Release|Any CPU
		{FE8AFE31-1B4C-4D56-8A31-8788B373F337}.Release|Any CPU.Build.0 = Release|Any CPU
	EndGlobalSection
	GlobalSection(SolutionProperties) = preSolution
		HideSolutionNode = FALSE
	EndGlobalSection
EndGlobal
