
Microsoft Visual Studio Solution File, Format Version 12.00
# Visual Studio 2012
Project("{FAE04EC0-301F-11D3-BF4B-00C04F79EFBC}") = "IUIValue_Demo", "IUIValue_Demo\IUIValue_Demo.csproj", "{F2C64EDD-B936-45F1-B41A-F7DE3211AAAD}"
EndProject
Global
	GlobalSection(SolutionConfigurationPlatforms) = preSolution
		Debug|Any CPU = Debug|Any CPU
		Release|Any CPU = Release|Any CPU
	EndGlobalSection
	GlobalSection(ProjectConfigurationPlatforms) = postSolution
		{F2C64EDD-B936-45F1-B41A-F7DE3211AAAD}.Debug|Any CPU.ActiveCfg = Debug|Any CPU
		{F2C64EDD-B936-45F1-B41A-F7DE3211AAAD}.Debug|Any CPU.Build.0 = Debug|Any CPU
		{F2C64EDD-B936-45F1-B41A-F7DE3211AAAD}.Release|Any CPU.ActiveCfg = Release|Any CPU
		{F2C64EDD-B936-45F1-B41A-F7DE3211AAAD}.Release|Any CPU.Build.0 = Release|Any CPU
	EndGlobalSection
	GlobalSection(SolutionProperties) = preSolution
		HideSolutionNode = FALSE
	EndGlobalSection
EndGlobal
